# Generated by pub
# See https://dart.dev/tools/pub/glossary#lockfile
packages:
  _discoveryapis_commons:
    dependency: transitive
    description:
      name: _discoveryapis_commons
      sha256: f8bb1fdbd77f3d5c1d62b5b0eca75fbf1e41bf4f6c62628f880582e2182ae45d
      url: "https://pub.dev"
    source: hosted
    version: "1.0.6"
  _flutterfire_internals:
    dependency: transitive
    description:
      name: _flutterfire_internals
      sha256: "2350805d7afefb0efe7acd325cb19d3ae8ba4039b906eade3807ffb69938a01f"
      url: "https://pub.dev"
    source: hosted
    version: "1.3.33"
  amplitude_flutter:
    dependency: transitive
    description:
      name: amplitude_flutter
      sha256: "8c74e518de6edb11198b59d3d13e2e7ec534bfad8300b6d5e4b8d2e20767a378"
      url: "https://pub.dev"
    source: hosted
    version: "3.16.2"
  animation_debugger:
    dependency: transitive
    description:
      name: animation_debugger
      sha256: "290ed0e55d68e4a272c17fe6a5d0e22135101ae031630382db6df89893cc35ea"
      url: "https://pub.dev"
    source: hosted
    version: "1.0.0"
  animations:
    dependency: transitive
    description:
      name: animations
      sha256: d3d6dcfb218225bbe68e87ccf6378bbb2e32a94900722c5f81611dad089911cb
      url: "https://pub.dev"
    source: hosted
    version: "2.0.11"
  app_links:
    dependency: transitive
    description:
      name: app_links
      sha256: "3ced568a5d9e309e99af71285666f1f3117bddd0bd5b3317979dccc1a40cada4"
      url: "https://pub.dev"
    source: hosted
    version: "3.5.1"
  archive:
    dependency: transitive
    description:
      name: archive
      sha256: ecf4273855368121b1caed0d10d4513c7241dfc813f7d3c8933b36622ae9b265
      url: "https://pub.dev"
    source: hosted
    version: "3.5.1"
  args:
    dependency: transitive
    description:
      name: args
      sha256: "7cf60b9f0cc88203c5a190b4cd62a99feea42759a7fa695010eb5de1c0b2252a"
      url: "https://pub.dev"
    source: hosted
    version: "2.5.0"
  asn1lib:
    dependency: transitive
    description:
      name: asn1lib
      sha256: "58082b3f0dca697204dbab0ef9ff208bfaea7767ea771076af9a343488428dda"
      url: "https://pub.dev"
    source: hosted
    version: "1.5.3"
  async:
    dependency: transitive
    description:
      name: async
      sha256: "947bfcf187f74dbc5e146c9eb9c0f10c9f8b30743e341481c1e2ed3ecc18c20c"
      url: "https://pub.dev"
    source: hosted
    version: "2.11.0"
  autoequal:
    dependency: transitive
    description:
      name: autoequal
      sha256: "186f99b614d8dd5b5756b26b6208d21ab948d7798ecfdf84669fff18eed7aab2"
      url: "https://pub.dev"
    source: hosted
    version: "0.9.1"
  basic_utils:
    dependency: transitive
    description:
      name: basic_utils
      sha256: "2064b21d3c41ed7654bc82cc476fd65542e04d60059b74d5eed490a4da08fc6c"
      url: "https://pub.dev"
    source: hosted
    version: "5.7.0"
  bloc:
    dependency: transitive
    description:
      name: bloc
      sha256: "106842ad6569f0b60297619e9e0b1885c2fb9bf84812935490e6c5275777804e"
      url: "https://pub.dev"
    source: hosted
    version: "8.1.4"
  boolean_selector:
    dependency: transitive
    description:
      name: boolean_selector
      sha256: "6cfb5af12253eaf2b368f07bacc5a80d1301a071c73360d746b7f2e32d762c66"
      url: "https://pub.dev"
    source: hosted
    version: "2.1.1"
  cached_network_image:
    dependency: transitive
    description:
      name: cached_network_image
      sha256: "28ea9690a8207179c319965c13cd8df184d5ee721ae2ce60f398ced1219cea1f"
      url: "https://pub.dev"
    source: hosted
    version: "3.3.1"
  cached_network_image_platform_interface:
    dependency: transitive
    description:
      name: cached_network_image_platform_interface
      sha256: "9e90e78ae72caa874a323d78fa6301b3fb8fa7ea76a8f96dc5b5bf79f283bf2f"
      url: "https://pub.dev"
    source: hosted
    version: "4.0.0"
  cached_network_image_web:
    dependency: transitive
    description:
      name: cached_network_image_web
      sha256: "205d6a9f1862de34b93184f22b9d2d94586b2f05c581d546695e3d8f6a805cd7"
      url: "https://pub.dev"
    source: hosted
    version: "1.2.0"
  characters:
    dependency: transitive
    description:
      name: characters
      sha256: "04a925763edad70e8443c99234dc3328f442e811f1d8fd1a72f1c8ad0f69a605"
      url: "https://pub.dev"
    source: hosted
    version: "1.3.0"
  clock:
    dependency: transitive
    description:
      name: clock
      sha256: cb6d7f03e1de671e34607e909a7213e31d7752be4fb66a86d29fe1eb14bfb5cf
      url: "https://pub.dev"
    source: hosted
    version: "1.1.1"
  cloud_firestore:
    dependency: transitive
    description:
      name: cloud_firestore
      sha256: e461ea9ab23959102a780efcbccfe33c2ac46269928bc57093bbc0b526afc801
      url: "https://pub.dev"
    source: hosted
    version: "4.17.3"
  cloud_firestore_platform_interface:
    dependency: transitive
    description:
      name: cloud_firestore_platform_interface
      sha256: "2e0b8db9a759ffc71086019f1bd27237e5e888ab1e99c507067ff8616acdfa24"
      url: "https://pub.dev"
    source: hosted
    version: "6.2.3"
  cloud_firestore_web:
    dependency: transitive
    description:
      name: cloud_firestore_web
      sha256: "37b6974bef5b0a7ecd31037ffb7d7bfe6bb9d2ac6c064fbea395411ef0a64d55"
      url: "https://pub.dev"
    source: hosted
    version: "3.12.3"
  collection:
    dependency: transitive
    description:
      name: collection
      sha256: ee67cb0715911d28db6bf4af1026078bd6f0128b07a5f66fb2ed94ec6783c09a
      url: "https://pub.dev"
    source: hosted
    version: "1.18.0"
  convert:
    dependency: transitive
    description:
      name: convert
      sha256: "0f08b14755d163f6e2134cb58222dd25ea2a2ee8a195e53983d57c075324d592"
      url: "https://pub.dev"
    source: hosted
    version: "3.1.1"
  copy_with_extension:
    dependency: transitive
    description:
      name: copy_with_extension
      sha256: fbcf890b0c34aedf0894f91a11a579994b61b4e04080204656b582708b5b1125
      url: "https://pub.dev"
    source: hosted
    version: "5.0.4"
  crypto:
    dependency: transitive
    description:
      name: crypto
      sha256: ff625774173754681d66daaf4a448684fb04b78f902da9cb3d308c19cc5e8bab
      url: "https://pub.dev"
    source: hosted
    version: "3.0.3"
  csslib:
    dependency: transitive
    description:
      name: csslib
      sha256: "706b5707578e0c1b4b7550f64078f0a0f19dec3f50a178ffae7006b0a9ca58fb"
      url: "https://pub.dev"
    source: hosted
    version: "1.0.0"
  cupertino_icons:
    dependency: transitive
    description:
      name: cupertino_icons
      sha256: ba631d1c7f7bef6b729a622b7b752645a2d076dba9976925b8f25725a30e1ee6
      url: "https://pub.dev"
    source: hosted
    version: "1.0.8"
  decimal:
    dependency: transitive
    description:
      name: decimal
      sha256: "24a261d5d5c87e86c7651c417a5dbdf8bcd7080dd592533910e8d0505a279f21"
      url: "https://pub.dev"
    source: hosted
    version: "2.3.3"
  device_frame:
    dependency: transitive
    description:
      name: device_frame
      sha256: afe76182aec178d171953d9b4a50a43c57c7cf3c77d8b09a48bf30c8fa04dd9d
      url: "https://pub.dev"
    source: hosted
    version: "1.1.0"
  dropdown_search:
    dependency: transitive
    description:
      name: dropdown_search
      sha256: "55106e8290acaa97ed15bea1fdad82c3cf0c248dd410e651f5a8ac6870f783ab"
      url: "https://pub.dev"
    source: hosted
    version: "5.0.6"
  encrypt:
    dependency: transitive
    description:
      name: encrypt
      sha256: "62d9aa4670cc2a8798bab89b39fc71b6dfbacf615de6cf5001fb39f7e4a996a2"
      url: "https://pub.dev"
    source: hosted
    version: "5.0.3"
  equatable:
    dependency: transitive
    description:
      name: equatable
      sha256: c2b87cb7756efdf69892005af546c56c0b5037f54d2a88269b4f347a505e3ca2
      url: "https://pub.dev"
    source: hosted
    version: "2.0.5"
  eval_ex:
    dependency: transitive
    description:
      name: eval_ex
      sha256: "3f8853d996ee41955f2232ad3730e95698fb1040d03f6ebc6ab01f1c2bc3be53"
      url: "https://pub.dev"
    source: hosted
    version: "1.1.8"
  fake_async:
    dependency: transitive
    description:
      name: fake_async
      sha256: "511392330127add0b769b75a987850d136345d9227c6b94c96a04cf4a391bf78"
      url: "https://pub.dev"
    source: hosted
    version: "1.3.1"
  ffi:
    dependency: transitive
    description:
      name: ffi
      sha256: "493f37e7df1804778ff3a53bd691d8692ddf69702cf4c1c1096a2e41b4779e21"
      url: "https://pub.dev"
    source: hosted
    version: "2.1.2"
  file:
    dependency: transitive
    description:
      name: file
      sha256: "5fc22d7c25582e38ad9a8515372cd9a93834027aacf1801cf01164dac0ffa08c"
      url: "https://pub.dev"
    source: hosted
    version: "7.0.0"
  file_picker:
    dependency: transitive
    description:
      name: file_picker
      sha256: be325344c1f3070354a1d84a231a1ba75ea85d413774ec4bdf444c023342e030
      url: "https://pub.dev"
    source: hosted
    version: "5.5.0"
  firebase_core:
    dependency: "direct main"
    description:
      name: firebase_core
      sha256: "372d94ced114b9c40cb85e18c50ac94a7e998c8eec630c50d7aec047847d27bf"
      url: "https://pub.dev"
    source: hosted
    version: "2.31.0"
  firebase_core_platform_interface:
    dependency: transitive
    description:
      name: firebase_core_platform_interface
      sha256: c437ae5d17e6b5cc7981cf6fd458a5db4d12979905f9aafd1fea930428a9fe63
      url: "https://pub.dev"
    source: hosted
    version: "5.0.0"
  firebase_core_web:
    dependency: transitive
    description:
      name: firebase_core_web
      sha256: "43d9e951ac52b87ae9cc38ecdcca1e8fa7b52a1dd26a96085ba41ce5108db8e9"
      url: "https://pub.dev"
    source: hosted
    version: "2.17.0"
  fixnum:
    dependency: transitive
    description:
      name: fixnum
      sha256: "25517a4deb0c03aa0f32fd12db525856438902d9c16536311e76cdc57b31d7d1"
      url: "https://pub.dev"
    source: hosted
    version: "1.1.0"
  flex_color_scheme:
    dependency: transitive
    description:
      name: flex_color_scheme
      sha256: "32914024a4f404d90ff449f58d279191675b28e7c08824046baf06826e99d984"
      url: "https://pub.dev"
    source: hosted
    version: "7.3.1"
  flex_seed_scheme:
    dependency: transitive
    description:
      name: flex_seed_scheme
      sha256: "4cee2f1d07259f77e8b36f4ec5f35499d19e74e17c7dce5b819554914082bc01"
      url: "https://pub.dev"
    source: hosted
    version: "1.5.0"
  fluentui_system_icons:
    dependency: transitive
    description:
      name: fluentui_system_icons
      sha256: d6db3686359a0b45f8cef0176c8adc551b1cabfa3d79c3b690a7031903235bd4
      url: "https://pub.dev"
    source: hosted
    version: "1.1.238"
  flutter:
    dependency: "direct main"
    description: flutter
    source: sdk
    version: "0.0.0"
  flutter_bloc:
    dependency: transitive
    description:
      name: flutter_bloc
      sha256: f0ecf6e6eb955193ca60af2d5ca39565a86b8a142452c5b24d96fb477428f4d2
      url: "https://pub.dev"
    source: hosted
    version: "8.1.5"
  flutter_blurhash:
    dependency: transitive
    description:
      name: flutter_blurhash
      sha256: "5e67678e479ac639069d7af1e133f4a4702311491188ff3e0227486430db0c06"
      url: "https://pub.dev"
    source: hosted
    version: "0.8.2"
  flutter_cache_manager:
    dependency: transitive
    description:
      name: flutter_cache_manager
      sha256: "395d6b7831f21f3b989ebedbb785545932adb9afe2622c1ffacf7f4b53a7e544"
      url: "https://pub.dev"
    source: hosted
    version: "3.3.2"
  flutter_highlight:
    dependency: transitive
    description:
      name: flutter_highlight
      sha256: "7b96333867aa07e122e245c033b8ad622e4e3a42a1a2372cbb098a2541d8782c"
      url: "https://pub.dev"
    source: hosted
    version: "0.7.0"
  flutter_keyboard_visibility:
    dependency: transitive
    description:
      name: flutter_keyboard_visibility
      sha256: "4983655c26ab5b959252ee204c2fffa4afeb4413cd030455194ec0caa3b8e7cb"
      url: "https://pub.dev"
    source: hosted
    version: "5.4.1"
  flutter_keyboard_visibility_linux:
    dependency: transitive
    description:
      name: flutter_keyboard_visibility_linux
      sha256: "6fba7cd9bb033b6ddd8c2beb4c99ad02d728f1e6e6d9b9446667398b2ac39f08"
      url: "https://pub.dev"
    source: hosted
    version: "1.0.0"
  flutter_keyboard_visibility_macos:
    dependency: transitive
    description:
      name: flutter_keyboard_visibility_macos
      sha256: c5c49b16fff453dfdafdc16f26bdd8fb8d55812a1d50b0ce25fc8d9f2e53d086
      url: "https://pub.dev"
    source: hosted
    version: "1.0.0"
  flutter_keyboard_visibility_platform_interface:
    dependency: transitive
    description:
      name: flutter_keyboard_visibility_platform_interface
      sha256: e43a89845873f7be10cb3884345ceb9aebf00a659f479d1c8f4293fcb37022a4
      url: "https://pub.dev"
    source: hosted
    version: "2.0.0"
  flutter_keyboard_visibility_web:
    dependency: transitive
    description:
      name: flutter_keyboard_visibility_web
      sha256: d3771a2e752880c79203f8d80658401d0c998e4183edca05a149f5098ce6e3d1
      url: "https://pub.dev"
    source: hosted
    version: "2.0.0"
  flutter_keyboard_visibility_windows:
    dependency: transitive
    description:
      name: flutter_keyboard_visibility_windows
      sha256: fc4b0f0b6be9b93ae527f3d527fb56ee2d918cd88bbca438c478af7bcfd0ef73
      url: "https://pub.dev"
    source: hosted
    version: "1.0.0"
  flutter_lints:
    dependency: transitive
    description:
      name: flutter_lints
      sha256: "9e8c3858111da373efc5aa341de011d9bd23e2c5c5e0c62bccf32438e192d7b1"
      url: "https://pub.dev"
    source: hosted
    version: "3.0.2"
  flutter_markdown:
    dependency: transitive
    description:
      name: flutter_markdown
      sha256: "5b24061317f850af858ef7151dadbb6eb77c1c449c954c7bb064e8a5e0e7d81f"
      url: "https://pub.dev"
    source: hosted
    version: "0.6.20"
  flutter_plugin_android_lifecycle:
    dependency: transitive
    description:
      name: flutter_plugin_android_lifecycle
      sha256: "8cf40eebf5dec866a6d1956ad7b4f7016e6c0cc69847ab946833b7d43743809f"
      url: "https://pub.dev"
    source: hosted
    version: "2.0.19"
  flutter_svg:
    dependency: transitive
    description:
      name: flutter_svg
      sha256: "7b4ca6cf3304575fe9c8ec64813c8d02ee41d2afe60bcfe0678bcb5375d596a2"
      url: "https://pub.dev"
    source: hosted
    version: "2.0.10+1"
  flutter_test:
    dependency: transitive
    description: flutter
    source: sdk
    version: "0.0.0"
  flutter_typeahead:
    dependency: transitive
    description:
      name: flutter_typeahead
      sha256: b9942bd5b7611a6ec3f0730c477146cffa4cd4b051077983ba67ddfc9e7ee818
      url: "https://pub.dev"
    source: hosted
    version: "4.8.0"
  flutter_web_plugins:
    dependency: transitive
    description: flutter
    source: sdk
    version: "0.0.0"
  freezed_annotation:
    dependency: transitive
    description:
      name: freezed_annotation
      sha256: c3fd9336eb55a38cc1bbd79ab17573113a8deccd0ecbbf926cca3c62803b5c2d
      url: "https://pub.dev"
    source: hosted
    version: "2.4.1"
  functions_client:
    dependency: transitive
    description:
      name: functions_client
      sha256: "3b157b4d3ae9e38614fd80fab76d1ef1e0e39ff3412a45de2651f27cecb9d2d2"
      url: "https://pub.dev"
    source: hosted
    version: "1.3.2"
  go_router:
    dependency: transitive
    description:
      name: go_router
      sha256: "2cb236ba3f923043fdbe14a6a3a796b8c250e85658e28caee3e86c0c275847e5"
      url: "https://pub.dev"
    source: hosted
    version: "8.2.0"
  google_fonts:
    dependency: transitive
    description:
      name: google_fonts
      sha256: "2776c66b3e97c6cdd58d1bd3281548b074b64f1fd5c8f82391f7456e38849567"
      url: "https://pub.dev"
    source: hosted
    version: "4.0.5"
  google_identity_services_web:
    dependency: transitive
    description:
      name: google_identity_services_web
      sha256: "9482364c9f8b7bd36902572ebc3a7c2b5c8ee57a9c93e6eb5099c1a9ec5265d8"
      url: "https://pub.dev"
    source: hosted
    version: "0.3.1+1"
  googleapis:
    dependency: transitive
    description:
      name: googleapis
      sha256: c2f311bcd1b3e4052234162edc6b626a9013a7e1385d6aad37e9e6a6c5f89908
      url: "https://pub.dev"
    source: hosted
    version: "11.4.0"
  googleapis_auth:
    dependency: transitive
    description:
      name: googleapis_auth
      sha256: befd71383a955535060acde8792e7efc11d2fccd03dd1d3ec434e85b68775938
      url: "https://pub.dev"
    source: hosted
    version: "1.6.0"
  gotrue:
    dependency: transitive
    description:
      name: gotrue
      sha256: f3a47cdbc59e543f453a1ef150050cd7650fe756254ac1fcac1d2a2f6f2b5a21
      url: "https://pub.dev"
    source: hosted
    version: "1.12.6"
  graphs:
    dependency: transitive
    description:
      name: graphs
      sha256: aedc5a15e78fc65a6e23bcd927f24c64dd995062bcd1ca6eda65a3cff92a4d19
      url: "https://pub.dev"
    source: hosted
    version: "2.3.1"
  grpc:
    dependency: transitive
    description:
      name: grpc
      sha256: e93ee3bce45c134bf44e9728119102358c7cd69de7832d9a874e2e74eb8cab40
      url: "https://pub.dev"
    source: hosted
    version: "3.2.4"
  gtk:
    dependency: transitive
    description:
      name: gtk
      sha256: e8ce9ca4b1df106e4d72dad201d345ea1a036cc12c360f1a7d5a758f78ffa42c
      url: "https://pub.dev"
    source: hosted
    version: "2.1.0"
  highlight:
    dependency: transitive
    description:
      name: highlight
      sha256: "5353a83ffe3e3eca7df0abfb72dcf3fa66cc56b953728e7113ad4ad88497cf21"
      url: "https://pub.dev"
    source: hosted
    version: "0.7.0"
  hive:
    dependency: transitive
    description:
      name: hive
      sha256: "8dcf6db979d7933da8217edcec84e9df1bdb4e4edc7fc77dbd5aa74356d6d941"
      url: "https://pub.dev"
    source: hosted
    version: "2.2.3"
  hive_flutter:
    dependency: transitive
    description:
      name: hive_flutter
      sha256: dca1da446b1d808a51689fb5d0c6c9510c0a2ba01e22805d492c73b68e33eecc
      url: "https://pub.dev"
    source: hosted
    version: "1.1.0"
  html:
    dependency: transitive
    description:
      name: html
      sha256: "3a7812d5bcd2894edf53dfaf8cd640876cf6cef50a8f238745c8b8120ea74d3a"
      url: "https://pub.dev"
    source: hosted
    version: "0.15.4"
  http:
    dependency: transitive
    description:
      name: http
      sha256: "761a297c042deedc1ffbb156d6e2af13886bb305c2a343a4d972504cd67dd938"
      url: "https://pub.dev"
    source: hosted
    version: "1.2.1"
  http2:
    dependency: transitive
    description:
      name: http2
      sha256: "9ced024a160b77aba8fb8674e38f70875e321d319e6f303ec18e87bd5a4b0c1d"
      url: "https://pub.dev"
    source: hosted
    version: "2.3.0"
  http_parser:
    dependency: transitive
    description:
      name: http_parser
      sha256: "2aa08ce0341cc9b354a498388e30986515406668dbcc4f7c950c3e715496693b"
      url: "https://pub.dev"
    source: hosted
    version: "4.0.2"
  js:
    dependency: transitive
    description:
      name: js
      sha256: f2c445dce49627136094980615a031419f7f3eb393237e4ecd97ac15dea343f3
      url: "https://pub.dev"
    source: hosted
    version: "0.6.7"
  json_annotation:
    dependency: transitive
    description:
      name: json_annotation
      sha256: "1ce844379ca14835a50d2f019a3099f419082cfdd231cd86a142af94dd5c6bb1"
      url: "https://pub.dev"
    source: hosted
    version: "4.9.0"
  jwt_decode:
    dependency: transitive
    description:
      name: jwt_decode
      sha256: d2e9f68c052b2225130977429d30f187aa1981d789c76ad104a32243cfdebfbb
      url: "https://pub.dev"
    source: hosted
    version: "0.3.1"
  leak_tracker:
    dependency: transitive
    description:
      name: leak_tracker
      sha256: cdd14e3836065a1f6302a236ec8b5f700695c803c57ae11a1c84df31e6bcf831
      url: "https://pub.dev"
    source: hosted
    version: "10.0.3"
  leak_tracker_flutter_testing:
    dependency: transitive
    description:
      name: leak_tracker_flutter_testing
      sha256: "9b2ef90589911d665277464e0482b209d39882dffaaf4ef69a3561a3354b2ebc"
      url: "https://pub.dev"
    source: hosted
    version: "3.0.2"
  leak_tracker_testing:
    dependency: transitive
    description:
      name: leak_tracker_testing
      sha256: fd3cd66cb2bcd7b50dcd3b413af49d78051f809c8b3f6e047962765c15a0d23d
      url: "https://pub.dev"
    source: hosted
    version: "3.0.0"
  linked_scroll_controller:
    dependency: transitive
    description:
      name: linked_scroll_controller
      sha256: e6020062bcf4ffc907ee7fd090fa971e65d8dfaac3c62baf601a3ced0b37986a
      url: "https://pub.dev"
    source: hosted
    version: "0.2.0"
  lints:
    dependency: transitive
    description:
      name: lints
      sha256: cbf8d4b858bb0134ef3ef87841abdf8d63bfc255c266b7bf6b39daa1085c4290
      url: "https://pub.dev"
    source: hosted
    version: "3.0.0"
  loading_animation_widget:
    dependency: transitive
    description:
      name: loading_animation_widget
      sha256: ee3659035528d19145d50cf0107632bf647e7306c88b6a32f35f3bed63f6d728
      url: "https://pub.dev"
    source: hosted
    version: "1.2.1"
  logger:
    dependency: transitive
    description:
      name: logger
      sha256: "7ad7215c15420a102ec687bb320a7312afd449bac63bfb1c60d9787c27b9767f"
      url: "https://pub.dev"
    source: hosted
    version: "1.4.0"
  logging:
    dependency: transitive
    description:
      name: logging
      sha256: "623a88c9594aa774443aa3eb2d41807a48486b5613e67599fb4c41c0ad47c340"
      url: "https://pub.dev"
    source: hosted
    version: "1.2.0"
  lottie:
    dependency: transitive
    description:
      name: lottie
      sha256: a93542cc2d60a7057255405f62252533f8e8956e7e06754955669fd32fb4b216
      url: "https://pub.dev"
    source: hosted
    version: "2.7.0"
  markdown:
    dependency: transitive
    description:
      name: markdown
      sha256: ef2a1298144e3f985cc736b22e0ccdaf188b5b3970648f2d9dc13efd1d9df051
      url: "https://pub.dev"
    source: hosted
    version: "7.2.2"
  mask_text_input_formatter:
    dependency: transitive
    description:
      name: mask_text_input_formatter
      sha256: "978c58ec721c25621ceb468e633f4eef64b64d45424ac4540e0565d4f7c800cd"
      url: "https://pub.dev"
    source: hosted
    version: "2.9.0"
  matcher:
    dependency: transitive
    description:
      name: matcher
      sha256: d2323aa2060500f906aa31a895b4030b6da3ebdcc5619d14ce1aada65cd161cb
      url: "https://pub.dev"
    source: hosted
    version: "0.12.16+1"
  material_color_utilities:
    dependency: transitive
    description:
      name: material_color_utilities
      sha256: "0e0a020085b65b6083975e499759762399b4475f766c21668c4ecca34ea74e5a"
      url: "https://pub.dev"
    source: hosted
    version: "0.8.0"
  material_design_icons_flutter:
    dependency: transitive
    description:
      name: material_design_icons_flutter
      sha256: "6f986b7a51f3ad4c00e33c5c84e8de1bdd140489bbcdc8b66fc1283dad4dea5a"
      url: "https://pub.dev"
    source: hosted
    version: "7.0.7296"
  meta:
    dependency: transitive
    description:
      name: meta
      sha256: d584fa6707a52763a52446f02cc621b077888fb63b93bbcb1143a7be5a0c0c04
      url: "https://pub.dev"
    source: hosted
    version: "1.11.0"
  mime:
    dependency: transitive
    description:
      name: mime
      sha256: "2e123074287cc9fd6c09de8336dae606d1ddb88d9ac47358826db698c176a1f2"
      url: "https://pub.dev"
    source: hosted
    version: "1.0.5"
  nanc:
    dependency: "direct main"
    description:
      path: "../../nanc/nanc"
      relative: true
    source: path
    version: "0.0.3"
  nanc_analytics:
    dependency: "direct overridden"
    description:
      path: "../../nanc/nanc_analytics"
      relative: true
    source: path
    version: "0.0.1"
  nanc_api_firebase:
    dependency: "direct main"
    description:
      path: "../../nanc/nanc_api_firebase"
      relative: true
    source: path
    version: "1.0.0"
  nanc_api_supabase:
    dependency: "direct main"
    description:
      path: "../../nanc/nanc_api_supabase"
      relative: true
    source: path
    version: "1.0.0"
  nanc_configuration:
    dependency: "direct main"
    description:
      path: "../../nanc/nanc_configuration"
      relative: true
    source: path
    version: "0.0.1"
  nanc_fonts:
    dependency: "direct overridden"
    description:
      path: "../../nanc/nanc_fonts"
      relative: true
    source: path
    version: "0.0.1"
  nanc_icons:
    dependency: "direct main"
    description:
      path: "../../nanc/nanc_icons"
      relative: true
    source: path
    version: "0.0.1"
  nanc_lints:
    dependency: "direct dev"
    description:
      path: "../../nanc/nanc_lints"
      relative: true
    source: path
    version: "1.0.0"
  nanc_tools:
    dependency: "direct overridden"
    description:
      path: "../../nanc/nanc_tools"
      relative: true
    source: path
    version: "0.0.2"
  nested:
    dependency: transitive
    description:
      name: nested
      sha256: "03bac4c528c64c95c722ec99280375a6f2fc708eec17c7b3f07253b626cd2a20"
      url: "https://pub.dev"
    source: hosted
    version: "1.0.0"
  nui:
    dependency: "direct overridden"
    description:
      path: "../../nanc/nui"
      relative: true
    source: path
    version: "0.0.2"
  nui_converter:
    dependency: "direct overridden"
    description:
      path: "../../nanc/nui_converter"
      relative: true
    source: path
    version: "0.0.1"
  octo_image:
    dependency: transitive
    description:
      name: octo_image
      sha256: "45b40f99622f11901238e18d48f5f12ea36426d8eced9f4cbf58479c7aa2430d"
      url: "https://pub.dev"
    source: hosted
    version: "2.0.0"
  package_info_plus:
    dependency: transitive
    description:
      name: package_info_plus
      sha256: "7e76fad405b3e4016cd39d08f455a4eb5199723cf594cd1b8916d47140d93017"
      url: "https://pub.dev"
    source: hosted
    version: "4.2.0"
  package_info_plus_platform_interface:
    dependency: transitive
    description:
      name: package_info_plus_platform_interface
      sha256: "9bc8ba46813a4cc42c66ab781470711781940780fd8beddd0c3da62506d3a6c6"
      url: "https://pub.dev"
    source: hosted
    version: "2.0.1"
  path:
    dependency: transitive
    description:
      name: path
      sha256: "087ce49c3f0dc39180befefc60fdb4acd8f8620e5682fe2476afd0b3688bb4af"
      url: "https://pub.dev"
    source: hosted
    version: "1.9.0"
  path_parsing:
    dependency: transitive
    description:
      name: path_parsing
      sha256: e3e67b1629e6f7e8100b367d3db6ba6af4b1f0bb80f64db18ef1fbabd2fa9ccf
      url: "https://pub.dev"
    source: hosted
    version: "1.0.1"
  path_provider:
    dependency: transitive
    description:
      name: path_provider
      sha256: c9e7d3a4cd1410877472158bee69963a4579f78b68c65a2b7d40d1a7a88bb161
      url: "https://pub.dev"
    source: hosted
    version: "2.1.3"
  path_provider_android:
    dependency: transitive
    description:
      name: path_provider_android
      sha256: a248d8146ee5983446bf03ed5ea8f6533129a12b11f12057ad1b4a67a2b3b41d
      url: "https://pub.dev"
    source: hosted
    version: "2.2.4"
  path_provider_foundation:
    dependency: transitive
    description:
      name: path_provider_foundation
      sha256: f234384a3fdd67f989b4d54a5d73ca2a6c422fa55ae694381ae0f4375cd1ea16
      url: "https://pub.dev"
    source: hosted
    version: "2.4.0"
  path_provider_linux:
    dependency: transitive
    description:
      name: path_provider_linux
      sha256: f7a1fe3a634fe7734c8d3f2766ad746ae2a2884abe22e241a8b301bf5cac3279
      url: "https://pub.dev"
    source: hosted
    version: "2.2.1"
  path_provider_platform_interface:
    dependency: transitive
    description:
      name: path_provider_platform_interface
      sha256: "88f5779f72ba699763fa3a3b06aa4bf6de76c8e5de842cf6f29e2e06476c2334"
      url: "https://pub.dev"
    source: hosted
    version: "2.1.2"
  path_provider_windows:
    dependency: transitive
    description:
      name: path_provider_windows
      sha256: "8bc9f22eee8690981c22aa7fc602f5c85b497a6fb2ceb35ee5a5e5ed85ad8170"
      url: "https://pub.dev"
    source: hosted
    version: "2.2.1"
  petitparser:
    dependency: transitive
    description:
      name: petitparser
      sha256: c15605cd28af66339f8eb6fbe0e541bfe2d1b72d5825efc6598f3e0a31b9ad27
      url: "https://pub.dev"
    source: hosted
    version: "6.0.2"
  platform:
    dependency: transitive
    description:
      name: platform
      sha256: "12220bb4b65720483f8fa9450b4332347737cf8213dd2840d8b2c823e47243ec"
      url: "https://pub.dev"
    source: hosted
    version: "3.1.4"
  plugin_platform_interface:
    dependency: transitive
    description:
      name: plugin_platform_interface
      sha256: "4820fbfdb9478b1ebae27888254d445073732dae3d6ea81f0b7e06d5dedc3f02"
      url: "https://pub.dev"
    source: hosted
    version: "2.1.8"
  pointer_interceptor:
    dependency: transitive
    description:
      name: pointer_interceptor
      sha256: adf7a637f97c077041d36801b43be08559fd4322d2127b3f20bb7be1b9eebc22
      url: "https://pub.dev"
    source: hosted
    version: "0.9.3+7"
  pointycastle:
    dependency: transitive
    description:
      name: pointycastle
      sha256: "4be0097fcf3fd3e8449e53730c631200ebc7b88016acecab2b0da2f0149222fe"
      url: "https://pub.dev"
    source: hosted
    version: "3.9.1"
  postgrest:
    dependency: transitive
    description:
      name: postgrest
      sha256: f190eddc5779842dfa529fa239ec4b1025f6f968c18052ba6fffc0aecac93e6b
      url: "https://pub.dev"
    source: hosted
    version: "1.5.2"
  proto_annotations:
    dependency: transitive
    description:
      name: proto_annotations
      sha256: "0340a94a345c618a8496b3aac473d7ddb64fe3972f5e1b7fe7311b9b57a45aa9"
      url: "https://pub.dev"
    source: hosted
    version: "3.1.0"
  protobuf:
    dependency: transitive
    description:
      name: protobuf
      sha256: "68645b24e0716782e58948f8467fd42a880f255096a821f9e7d0ec625b00c84d"
      url: "https://pub.dev"
    source: hosted
    version: "3.1.0"
  provider:
    dependency: transitive
    description:
      name: provider
      sha256: c8a055ee5ce3fd98d6fc872478b03823ffdb448699c6ebdbbc71d59b596fd48c
      url: "https://pub.dev"
    source: hosted
    version: "6.1.2"
  rational:
    dependency: transitive
    description:
      name: rational
      sha256: ba58e9e18df9abde280e8b10051e4bce85091e41e8e7e411b6cde2e738d357cf
      url: "https://pub.dev"
    source: hosted
    version: "2.2.2"
  realtime_client:
    dependency: transitive
    description:
      name: realtime_client
      sha256: "2027358cdbe65d5f1770c3f768aa9adecd394de486c5dbbd2cfe19d5c6dbbc4a"
      url: "https://pub.dev"
    source: hosted
    version: "1.4.0"
  remixicon:
    dependency: transitive
    description:
      name: remixicon
      sha256: "78b367d2d46cb4496f4a2a433110ce946578616f3ac7e31935b7a365c2c7c43d"
      url: "https://pub.dev"
    source: hosted
    version: "1.2.0"
  retry:
    dependency: transitive
    description:
      name: retry
      sha256: "822e118d5b3aafed083109c72d5f484c6dc66707885e07c0fbcb8b986bba7efc"
      url: "https://pub.dev"
    source: hosted
    version: "3.1.2"
  rive:
    dependency: transitive
    description:
      name: rive
      sha256: f2117a96a189758bc79bf7933865625c7a44a420ae537d2a8f6c492900136a71
      url: "https://pub.dev"
    source: hosted
    version: "0.11.17"
  rive_common:
    dependency: transitive
    description:
      name: rive_common
      sha256: e41f12917cb58e0c9376836490ebaa431e12744da0c67e19dad8d4bee9fedd46
      url: "https://pub.dev"
    source: hosted
    version: "0.2.7"
  rxdart:
    dependency: transitive
    description:
      name: rxdart
      sha256: "0c7c0cedd93788d996e33041ffecda924cc54389199cde4e6a34b440f50044cb"
      url: "https://pub.dev"
    source: hosted
    version: "0.27.7"
  shared_preferences:
    dependency: transitive
    description:
      name: shared_preferences
      sha256: d3bbe5553a986e83980916ded2f0b435ef2e1893dfaa29d5a7a790d0eca12180
      url: "https://pub.dev"
    source: hosted
    version: "2.2.3"
  shared_preferences_android:
    dependency: transitive
    description:
      name: shared_preferences_android
      sha256: "1ee8bf911094a1b592de7ab29add6f826a7331fb854273d55918693d5364a1f2"
      url: "https://pub.dev"
    source: hosted
    version: "2.2.2"
  shared_preferences_foundation:
    dependency: transitive
    description:
      name: shared_preferences_foundation
      sha256: "0a8a893bf4fd1152f93fec03a415d11c27c74454d96e2318a7ac38dd18683ab7"
      url: "https://pub.dev"
    source: hosted
    version: "2.4.0"
  shared_preferences_linux:
    dependency: transitive
    description:
      name: shared_preferences_linux
      sha256: "9f2cbcf46d4270ea8be39fa156d86379077c8a5228d9dfdb1164ae0bb93f1faa"
      url: "https://pub.dev"
    source: hosted
    version: "2.3.2"
  shared_preferences_platform_interface:
    dependency: transitive
    description:
      name: shared_preferences_platform_interface
      sha256: "22e2ecac9419b4246d7c22bfbbda589e3acf5c0351137d87dd2939d984d37c3b"
      url: "https://pub.dev"
    source: hosted
    version: "2.3.2"
  shared_preferences_web:
    dependency: transitive
    description:
      name: shared_preferences_web
      sha256: d762709c2bbe80626ecc819143013cc820fa49ca5e363620ee20a8b15a3e3daf
      url: "https://pub.dev"
    source: hosted
    version: "2.2.1"
  shared_preferences_windows:
    dependency: transitive
    description:
      name: shared_preferences_windows
      sha256: "841ad54f3c8381c480d0c9b508b89a34036f512482c407e6df7a9c4aa2ef8f59"
      url: "https://pub.dev"
    source: hosted
    version: "2.3.2"
  shimmer:
    dependency: transitive
    description:
      name: shimmer
      sha256: "5f88c883a22e9f9f299e5ba0e4f7e6054857224976a5d9f839d4ebdc94a14ac9"
      url: "https://pub.dev"
    source: hosted
    version: "3.0.0"
  sign_in_with_apple:
    dependency: transitive
    description:
      name: sign_in_with_apple
      sha256: "0975c23b9f8b30a80e27d5659a75993a093d4cb5f4eb7d23a9ccc586fea634e0"
      url: "https://pub.dev"
    source: hosted
    version: "5.0.0"
  sign_in_with_apple_platform_interface:
    dependency: transitive
    description:
      name: sign_in_with_apple_platform_interface
      sha256: a5883edee09ed6be19de19e7d9f618a617fe41a6fa03f76d082dfb787e9ea18d
      url: "https://pub.dev"
    source: hosted
    version: "1.0.0"
  sign_in_with_apple_web:
    dependency: transitive
    description:
      name: sign_in_with_apple_web
      sha256: "44b66528f576e77847c14999d5e881e17e7223b7b0625a185417829e5306f47a"
      url: "https://pub.dev"
    source: hosted
    version: "1.0.1"
  sky_engine:
    dependency: transitive
    description: flutter
    source: sdk
    version: "0.0.99"
  source_span:
    dependency: transitive
    description:
      name: source_span
      sha256: "53e943d4206a5e30df338fd4c6e7a077e02254531b138a15aec3bd143c1a8b3c"
      url: "https://pub.dev"
    source: hosted
    version: "1.10.0"
  sprintf:
    dependency: transitive
    description:
      name: sprintf
      sha256: "1fc9ffe69d4df602376b52949af107d8f5703b77cda567c4d7d86a0693120f23"
      url: "https://pub.dev"
    source: hosted
    version: "7.0.0"
  sqflite:
    dependency: transitive
    description:
      name: sqflite
      sha256: a43e5a27235518c03ca238e7b4732cf35eabe863a369ceba6cbefa537a66f16d
      url: "https://pub.dev"
    source: hosted
    version: "2.3.3+1"
  sqflite_common:
    dependency: transitive
    description:
      name: sqflite_common
      sha256: "3da423ce7baf868be70e2c0976c28a1bb2f73644268b7ffa7d2e08eab71f16a4"
      url: "https://pub.dev"
    source: hosted
    version: "2.5.4"
  stack_trace:
    dependency: transitive
    description:
      name: stack_trace
      sha256: "73713990125a6d93122541237550ee3352a2d84baad52d375a4cad2eb9b7ce0b"
      url: "https://pub.dev"
    source: hosted
    version: "1.11.1"
  storage_client:
    dependency: transitive
    description:
      name: storage_client
      sha256: f02d4d8967bec77767dcaf9daf24ca5b8d5a9f1cc093f14dffb77930b52589a3
      url: "https://pub.dev"
    source: hosted
    version: "1.5.4"
  stream_channel:
    dependency: transitive
    description:
      name: stream_channel
      sha256: ba2aa5d8cc609d96bbb2899c28934f9e1af5cddbd60a827822ea467161eb54e7
      url: "https://pub.dev"
    source: hosted
    version: "2.1.2"
  string_scanner:
    dependency: transitive
    description:
      name: string_scanner
      sha256: "556692adab6cfa87322a115640c11f13cb77b3f076ddcc5d6ae3c20242bedcde"
      url: "https://pub.dev"
    source: hosted
    version: "1.2.0"
  supabase:
    dependency: transitive
    description:
      name: supabase
      sha256: "1434bb9375f88f51802dadf7b99568117c434f6a9af7f8a55e5be94c8b4da7c9"
      url: "https://pub.dev"
    source: hosted
    version: "1.11.11"
  supabase_flutter:
    dependency: transitive
    description:
      name: supabase_flutter
      sha256: "8d68a4fa3215bc23811469fc3499c3895ebb35a2363d6edcfffaa426d5effd84"
      url: "https://pub.dev"
    source: hosted
    version: "1.10.25"
  super_sliver_list:
    dependency: transitive
    description:
      name: super_sliver_list
      sha256: "6f58bb95691c4e1d0b6b3e78ddb757cde5bb5051fe96dfaf0ebe3678db7dd611"
      url: "https://pub.dev"
    source: hosted
    version: "0.2.2"
  synchronized:
    dependency: transitive
    description:
      name: synchronized
      sha256: "539ef412b170d65ecdafd780f924e5be3f60032a1128df156adad6c5b373d558"
      url: "https://pub.dev"
    source: hosted
    version: "3.1.0+1"
  term_glyph:
    dependency: transitive
    description:
      name: term_glyph
      sha256: a29248a84fbb7c79282b40b8c72a1209db169a2e0542bce341da992fe1bc7e84
      url: "https://pub.dev"
    source: hosted
    version: "1.2.1"
  test_api:
    dependency: transitive
    description:
      name: test_api
      sha256: "5c2f730018264d276c20e4f1503fd1308dfbbae39ec8ee63c5236311ac06954b"
      url: "https://pub.dev"
    source: hosted
    version: "0.6.1"
  typed_data:
    dependency: transitive
    description:
      name: typed_data
      sha256: facc8d6582f16042dd49f2463ff1bd6e2c9ef9f3d5da3d9b087e244a7b564b3c
      url: "https://pub.dev"
    source: hosted
    version: "1.3.2"
  ulid:
    dependency: transitive
    description:
      name: ulid
      sha256: "43fa464b8f8c11559564cd62a23a7a819fdc103ff04db8989e88f60219204c58"
      url: "https://pub.dev"
    source: hosted
    version: "2.0.0"
  url_launcher:
    dependency: transitive
    description:
      name: url_launcher
      sha256: "6ce1e04375be4eed30548f10a315826fd933c1e493206eab82eed01f438c8d2e"
      url: "https://pub.dev"
    source: hosted
    version: "6.2.6"
  url_launcher_android:
    dependency: transitive
    description:
      name: url_launcher_android
      sha256: "360a6ed2027f18b73c8d98e159dda67a61b7f2e0f6ec26e86c3ada33b0621775"
      url: "https://pub.dev"
    source: hosted
    version: "6.3.1"
  url_launcher_ios:
    dependency: transitive
    description:
      name: url_launcher_ios
      sha256: "7068716403343f6ba4969b4173cbf3b84fc768042124bc2c011e5d782b24fe89"
      url: "https://pub.dev"
    source: hosted
    version: "6.3.0"
  url_launcher_linux:
    dependency: transitive
    description:
      name: url_launcher_linux
      sha256: ab360eb661f8879369acac07b6bb3ff09d9471155357da8443fd5d3cf7363811
      url: "https://pub.dev"
    source: hosted
    version: "3.1.1"
  url_launcher_macos:
    dependency: transitive
    description:
      name: url_launcher_macos
      sha256: "9a1a42d5d2d95400c795b2914c36fdcb525870c752569438e4ebb09a2b5d90de"
      url: "https://pub.dev"
    source: hosted
    version: "3.2.0"
  url_launcher_platform_interface:
    dependency: transitive
    description:
      name: url_launcher_platform_interface
      sha256: "552f8a1e663569be95a8190206a38187b531910283c3e982193e4f2733f01029"
      url: "https://pub.dev"
    source: hosted
    version: "2.3.2"
  url_launcher_web:
    dependency: transitive
    description:
      name: url_launcher_web
      sha256: "7fd2f55fe86cea2897b963e864dc01a7eb0719ecc65fcef4c1cc3d686d718bb2"
      url: "https://pub.dev"
    source: hosted
    version: "2.2.0"
  url_launcher_windows:
    dependency: transitive
    description:
      name: url_launcher_windows
      sha256: ecf9725510600aa2bb6d7ddabe16357691b6d2805f66216a97d1b881e21beff7
      url: "https://pub.dev"
    source: hosted
    version: "3.1.1"
  uuid:
    dependency: transitive
    description:
      name: uuid
      sha256: "814e9e88f21a176ae1359149021870e87f7cddaf633ab678a5d2b0bff7fd1ba8"
      url: "https://pub.dev"
    source: hosted
    version: "4.4.0"
  vector_graphics:
    dependency: transitive
    description:
      name: vector_graphics
      sha256: "32c3c684e02f9bc0afb0ae0aa653337a2fe022e8ab064bcd7ffda27a74e288e3"
      url: "https://pub.dev"
    source: hosted
    version: "1.1.11+1"
  vector_graphics_codec:
    dependency: transitive
    description:
      name: vector_graphics_codec
      sha256: c86987475f162fadff579e7320c7ddda04cd2fdeffbe1129227a85d9ac9e03da
      url: "https://pub.dev"
    source: hosted
    version: "1.1.11+1"
  vector_graphics_compiler:
    dependency: transitive
    description:
      name: vector_graphics_compiler
      sha256: "12faff3f73b1741a36ca7e31b292ddeb629af819ca9efe9953b70bd63fc8cd81"
      url: "https://pub.dev"
    source: hosted
    version: "1.1.11+1"
  vector_math:
    dependency: transitive
    description:
      name: vector_math
      sha256: "80b3257d1492ce4d091729e3a67a60407d227c27241d6927be0130c98e741803"
      url: "https://pub.dev"
    source: hosted
    version: "2.1.4"
  vm_service:
    dependency: transitive
    description:
      name: vm_service
      sha256: b3d56ff4341b8f182b96aceb2fa20e3dcb336b9f867bc0eafc0de10f1048e957
      url: "https://pub.dev"
    source: hosted
    version: "13.0.0"
  web:
    dependency: transitive
    description:
      name: web
      sha256: "97da13628db363c635202ad97068d47c5b8aa555808e7a9411963c533b449b27"
      url: "https://pub.dev"
    source: hosted
    version: "0.5.1"
  web_socket_channel:
    dependency: transitive
    description:
      name: web_socket_channel
      sha256: "58c6666b342a38816b2e7e50ed0f1e261959630becd4c879c4f26bfa14aa5a42"
      url: "https://pub.dev"
    source: hosted
    version: "2.4.5"
  webview_flutter:
    dependency: transitive
    description:
      name: webview_flutter
      sha256: "25e1b6e839e8cbfbd708abc6f85ed09d1727e24e08e08c6b8590d7c65c9a8932"
      url: "https://pub.dev"
    source: hosted
    version: "4.7.0"
  webview_flutter_android:
    dependency: transitive
    description:
      name: webview_flutter_android
      sha256: dad3313c9ead95517bb1cae5e1c9d20ba83729d5a59e5e83c0a2d66203f27f91
      url: "https://pub.dev"
    source: hosted
    version: "3.16.1"
  webview_flutter_platform_interface:
    dependency: transitive
    description:
      name: webview_flutter_platform_interface
      sha256: d937581d6e558908d7ae3dc1989c4f87b786891ab47bb9df7de548a151779d8d
      url: "https://pub.dev"
    source: hosted
    version: "2.10.0"
  webview_flutter_wkwebview:
    dependency: transitive
    description:
      name: webview_flutter_wkwebview
      sha256: f12f8d8a99784b863e8b85e4a9a5e3cf1839d6803d2c0c3e0533a8f3c5a992a7
      url: "https://pub.dev"
    source: hosted
    version: "3.13.0"
  win32:
    dependency: transitive
    description:
      name: win32
      sha256: "0eaf06e3446824099858367950a813472af675116bf63f008a4c2a75ae13e9cb"
      url: "https://pub.dev"
    source: hosted
    version: "5.5.0"
  xdg_directories:
    dependency: transitive
    description:
      name: xdg_directories
      sha256: faea9dee56b520b55a566385b84f2e8de55e7496104adada9962e0bd11bcff1d
      url: "https://pub.dev"
    source: hosted
    version: "1.0.4"
  xml:
    dependency: transitive
    description:
      name: xml
      sha256: b015a8ad1c488f66851d762d3090a21c600e479dc75e68328c52774040cf9226
      url: "https://pub.dev"
    source: hosted
    version: "6.5.0"
  yet_another_json_isolate:
    dependency: transitive
    description:
      name: yet_another_json_isolate
      sha256: "86fad76026c4241a32831d6c7febd8f9bded5019e2cd36c5b148499808d8307d"
      url: "https://pub.dev"
    source: hosted
    version: "1.1.1"
sdks:
  dart: ">=3.3.0 <4.0.0"
  flutter: ">=3.18.0-18.0.pre.54"
